Microsoft Visual Studio Solution File, Format Version 10.00
# Visual C++ Express 2008
Project("{8BC9CEB8-8B4A-11D0-8D11-00A0C91BC942}") = "train", "train.vcproj", "{D51DACE6-5062-4DF6-84F4-3B59FFC90ED2}"
EndProject
Project("{8BC9CEB8-8B4A-11D0-8D11-00A0C91BC942}") = "errorshow", "errorshow.vcproj", "{1F169C3B-A907-402D-B2EF-C0BB21E90AF9}"
EndProject
Project("{8BC9CEB8-8B4A-11D0-8D11-00A0C91BC942}") = "singleton", "sigleton.vcproj", "{002802E7-196C-4C46-8DA4-3DD648018580}"
EndProject
Project("{8BC9CEB8-8B4A-11D0-8D11-00A0C91BC942}") = "processinfo", "processinfo.vcproj", "{69AA63A0-4679-4126-A0BF-E7EA417B5EA9}"
EndProject
Project("{8BC9CEB8-8B4A-11D0-8D11-00A0C91BC942}") = "joblab", "joblab.vcproj", "{B87556CB-3C94-4B54-8975-65328BF0787D}"
EndProject
Project("{8BC9CEB8-8B4A-11D0-8D11-00A0C91BC942}") = "schedulelab", "schedulelab.vcproj", "{05447EAB-0569-4919-ABA9-268995EED149}"
EndProject
Project("{8BC9CEB8-8B4A-11D0-8D11-00A0C91BC942}") = "handshake", "handshake.vcproj", "{C7B18A04-9AA0-4B6B-8700-BA3DD122122E}"
EndProject
Project("{8BC9CEB8-8B4A-11D0-8D11-00A0C91BC942}") = "queue", "queue.vcproj", "{9B0767CA-7393-4E38-A651-E954BF82A9E8}"
EndProject
Project("{8BC9CEB8-8B4A-11D0-8D11-00A0C91BC942}") = "lockcop", "lockcop.vcproj", "{868FE6EF-6077-45F7-990A-2EF06D3332DE}"
EndProject
Project("{8BC9CEB8-8B4A-11D0-8D11-00A0C91BC942}") = "filecopy", "filecopy.vcproj", "{6BF7A805-9654-4850-B391-DA91D5084448}"
EndProject
Project("{8BC9CEB8-8B4A-11D0-8D11-00A0C91BC942}") = "batch", "batch.vcproj", "{30974188-797F-4934-9738-8987B6882A10}"
EndProject
Project("{8BC9CEB8-8B4A-11D0-8D11-00A0C91BC942}") = "timedmsgbox", "timedmsgbox.vcproj", "{0F41DF4F-9736-4033-8AD8-B3CFFE54368B}"
EndProject
Project("{8BC9CEB8-8B4A-11D0-8D11-00A0C91BC942}") = "counter", "counter.vcproj", "{1D2E855D-F7E6-49FF-8BE4-CB4214D5AB84}"
EndProject
Project("{8BC9CEB8-8B4A-11D0-8D11-00A0C91BC942}") = "sysinfo", "sysinfo.vcproj", "{6B017571-2105-473A-B987-65800858BE91}"
EndProject
Project("{8BC9CEB8-8B4A-11D0-8D11-00A0C91BC942}") = "VMStat", "VMStat.vcproj", "{140EFD6F-D0DA-4056-BEAE-0D818AD9D0A8}"
EndProject
Global
	GlobalSection(SolutionConfigurationPlatforms) = preSolution
		Debug|Win32 = Debug|Win32
		Release|Win32 = Release|Win32
	EndGlobalSection
	GlobalSection(ProjectConfigurationPlatforms) = postSolution
		{D51DACE6-5062-4DF6-84F4-3B59FFC90ED2}.Debug|Win32.ActiveCfg = Debug|Win32
		{D51DACE6-5062-4DF6-84F4-3B59FFC90ED2}.Debug|Win32.Build.0 = Debug|Win32
		{D51DACE6-5062-4DF6-84F4-3B59FFC90ED2}.Release|Win32.ActiveCfg = Release|Win32
		{D51DACE6-5062-4DF6-84F4-3B59FFC90ED2}.Release|Win32.Build.0 = Release|Win32
		{1F169C3B-A907-402D-B2EF-C0BB21E90AF9}.Debug|Win32.ActiveCfg = Debug|Win32
		{1F169C3B-A907-402D-B2EF-C0BB21E90AF9}.Debug|Win32.Build.0 = Debug|Win32
		{1F169C3B-A907-402D-B2EF-C0BB21E90AF9}.Release|Win32.ActiveCfg = Release|Win32
		{1F169C3B-A907-402D-B2EF-C0BB21E90AF9}.Release|Win32.Build.0 = Release|Win32
		{002802E7-196C-4C46-8DA4-3DD648018580}.Debug|Win32.ActiveCfg = Debug|Win32
		{002802E7-196C-4C46-8DA4-3DD648018580}.Debug|Win32.Build.0 = Debug|Win32
		{002802E7-196C-4C46-8DA4-3DD648018580}.Release|Win32.ActiveCfg = Release|Win32
		{002802E7-196C-4C46-8DA4-3DD648018580}.Release|Win32.Build.0 = Release|Win32
		{69AA63A0-4679-4126-A0BF-E7EA417B5EA9}.Debug|Win32.ActiveCfg = Debug|Win32
		{69AA63A0-4679-4126-A0BF-E7EA417B5EA9}.Debug|Win32.Build.0 = Debug|Win32
		{69AA63A0-4679-4126-A0BF-E7EA417B5EA9}.Release|Win32.ActiveCfg = Release|Win32
		{69AA63A0-4679-4126-A0BF-E7EA417B5EA9}.Release|Win32.Build.0 = Release|Win32
		{B87556CB-3C94-4B54-8975-65328BF0787D}.Debug|Win32.ActiveCfg = Debug|Win32
		{B87556CB-3C94-4B54-8975-65328BF0787D}.Debug|Win32.Build.0 = Debug|Win32
		{B87556CB-3C94-4B54-8975-65328BF0787D}.Release|Win32.ActiveCfg = Release|Win32
		{B87556CB-3C94-4B54-8975-65328BF0787D}.Release|Win32.Build.0 = Release|Win32
		{05447EAB-0569-4919-ABA9-268995EED149}.Debug|Win32.ActiveCfg = Debug|Win32
		{05447EAB-0569-4919-ABA9-268995EED149}.Debug|Win32.Build.0 = Debug|Win32
		{05447EAB-0569-4919-ABA9-268995EED149}.Release|Win32.ActiveCfg = Release|Win32
		{05447EAB-0569-4919-ABA9-268995EED149}.Release|Win32.Build.0 = Release|Win32
		{C7B18A04-9AA0-4B6B-8700-BA3DD122122E}.Debug|Win32.ActiveCfg = Debug|Win32
		{C7B18A04-9AA0-4B6B-8700-BA3DD122122E}.Debug|Win32.Build.0 = Debug|Win32
		{C7B18A04-9AA0-4B6B-8700-BA3DD122122E}.Release|Win32.ActiveCfg = Release|Win32
		{C7B18A04-9AA0-4B6B-8700-BA3DD122122E}.Release|Win32.Build.0 = Release|Win32
		{9B0767CA-7393-4E38-A651-E954BF82A9E8}.Debug|Win32.ActiveCfg = Debug|Win32
		{9B0767CA-7393-4E38-A651-E954BF82A9E8}.Debug|Win32.Build.0 = Debug|Win32
		{9B0767CA-7393-4E38-A651-E954BF82A9E8}.Release|Win32.ActiveCfg = Release|Win32
		{9B0767CA-7393-4E38-A651-E954BF82A9E8}.Release|Win32.Build.0 = Release|Win32
		{868FE6EF-6077-45F7-990A-2EF06D3332DE}.Debug|Win32.ActiveCfg = Debug|Win32
		{868FE6EF-6077-45F7-990A-2EF06D3332DE}.Debug|Win32.Build.0 = Debug|Win32
		{868FE6EF-6077-45F7-990A-2EF06D3332DE}.Release|Win32.ActiveCfg = Release|Win32
		{868FE6EF-6077-45F7-990A-2EF06D3332DE}.Release|Win32.Build.0 = Release|Win32
		{6BF7A805-9654-4850-B391-DA91D5084448}.Debug|Win32.ActiveCfg = Debug|Win32
		{6BF7A805-9654-4850-B391-DA91D5084448}.Debug|Win32.Build.0 = Debug|Win32
		{6BF7A805-9654-4850-B391-DA91D5084448}.Release|Win32.ActiveCfg = Release|Win32
		{6BF7A805-9654-4850-B391-DA91D5084448}.Release|Win32.Build.0 = Release|Win32
		{30974188-797F-4934-9738-8987B6882A10}.Debug|Win32.ActiveCfg = Debug|Win32
		{30974188-797F-4934-9738-8987B6882A10}.Debug|Win32.Build.0 = Debug|Win32
		{30974188-797F-4934-9738-8987B6882A10}.Release|Win32.ActiveCfg = Release|Win32
		{30974188-797F-4934-9738-8987B6882A10}.Release|Win32.Build.0 = Release|Win32
		{0F41DF4F-9736-4033-8AD8-B3CFFE54368B}.Debug|Win32.ActiveCfg = Debug|Win32
		{0F41DF4F-9736-4033-8AD8-B3CFFE54368B}.Debug|Win32.Build.0 = Debug|Win32
		{0F41DF4F-9736-4033-8AD8-B3CFFE54368B}.Release|Win32.ActiveCfg = Release|Win32
		{0F41DF4F-9736-4033-8AD8-B3CFFE54368B}.Release|Win32.Build.0 = Release|Win32
		{1D2E855D-F7E6-49FF-8BE4-CB4214D5AB84}.Debug|Win32.ActiveCfg = Debug|Win32
		{1D2E855D-F7E6-49FF-8BE4-CB4214D5AB84}.Debug|Win32.Build.0 = Debug|Win32
		{1D2E855D-F7E6-49FF-8BE4-CB4214D5AB84}.Release|Win32.ActiveCfg = Release|Win32
		{1D2E855D-F7E6-49FF-8BE4-CB4214D5AB84}.Release|Win32.Build.0 = Release|Win32
		{6B017571-2105-473A-B987-65800858BE91}.Debug|Win32.ActiveCfg = Debug|Win32
		{6B017571-2105-473A-B987-65800858BE91}.Debug|Win32.Build.0 = Debug|Win32
		{6B017571-2105-473A-B987-65800858BE91}.Release|Win32.ActiveCfg = Release|Win32
		{6B017571-2105-473A-B987-65800858BE91}.Release|Win32.Build.0 = Release|Win32
		{140EFD6F-D0DA-4056-BEAE-0D818AD9D0A8}.Debug|Win32.ActiveCfg = Debug|Win32
		{140EFD6F-D0DA-4056-BEAE-0D818AD9D0A8}.Debug|Win32.Build.0 = Debug|Win32
		{140EFD6F-D0DA-4056-BEAE-0D818AD9D0A8}.Release|Win32.ActiveCfg = Release|Win32
		{140EFD6F-D0DA-4056-BEAE-0D818AD9D0A8}.Release|Win32.Build.0 = Release|Win32
	EndGlobalSection
	GlobalSection(SolutionProperties) = preSolution
		HideSolutionNode = FALSE
	EndGlobalSection
EndGlobal
