Microsoft Visual Studio Solution File, Format Version 10.00
# Visual C++ Express 2008
Project("{8BC9CEB8-8B4A-11D0-8D11-00A0C91BC942}") = "train", "train.vcproj", "{D51DACE6-5062-4DF6-84F4-3B59FFC90ED2}"
EndProject
Project("{8BC9CEB8-8B4A-11D0-8D11-00A0C91BC942}") = "errorshow", "errorshow.vcproj", "{1F169C3B-A907-402D-B2EF-C0BB21E90AF9}"
EndProject
Global
	GlobalSection(SolutionConfigurationPlatforms) = preSolution
		Debug|Win32 = Debug|Win32
		Release|Win32 = Release|Win32
	EndGlobalSection
	GlobalSection(ProjectConfigurationPlatforms) = postSolution
		{D51DACE6-5062-4DF6-84F4-3B59FFC90ED2}.Debug|Win32.ActiveCfg = Debug|Win32
		{D51DACE6-5062-4DF6-84F4-3B59FFC90ED2}.Debug|Win32.Build.0 = Debug|Win32
		{D51DACE6-5062-4DF6-84F4-3B59FFC90ED2}.Release|Win32.ActiveCfg = Release|Win32
		{D51DACE6-5062-4DF6-84F4-3B59FFC90ED2}.Release|Win32.Build.0 = Release|Win32
		{1F169C3B-A907-402D-B2EF-C0BB21E90AF9}.Debug|Win32.ActiveCfg = Debug|Win32
		{1F169C3B-A907-402D-B2EF-C0BB21E90AF9}.Debug|Win32.Build.0 = Debug|Win32
		{1F169C3B-A907-402D-B2EF-C0BB21E90AF9}.Release|Win32.ActiveCfg = Release|Win32
		{1F169C3B-A907-402D-B2EF-C0BB21E90AF9}.Release|Win32.Build.0 = Release|Win32
	EndGlobalSection
	GlobalSection(SolutionProperties) = preSolution
		HideSolutionNode = FALSE
	EndGlobalSection
EndGlobal
